dmitri.shuralyov.com/text/kebabcase v0.0.0-20180217051803-40e40b42552a/go.mod h1:3YpR/7A6nvWHA/oFH66Hp/dJ5A2gM63I3xkA/3FV6tY=
github.com/BurntSushi/toml v0.3.0 h1:e1/Ivsx3Z0FVTV0NSOv/aVgbUWyQuzj7DDnFblkRvsY=
github.com/BurntSushi/toml v0.3.0/go.mod h1:xHWCNGjB5oqiDr8zfno3MHue2Ht5sIBksp03qcyfWMU=
github.com/PuerkitoBio/goquery v1.3.0 h1:2LzdaeRwZjIMW7iKEei51jiCPB33mou4AI7QCzS4NgE=
github.com/PuerkitoBio/goquery v1.3.0/go.mod h1:T9ezsOHcCrDCgA8aF1Cqr3sSYbO/xgdy8/R/XiIMAhA=
github.com/andybalholm/cascadia v1.0.0 h1:hOCXnnZ5A+3eVDX8pvgl4kofXv2ELss0bKcqRySc45o=
github.com/andybalholm/cascadia v1.0.0/go.mod h1:GsXiBklL0woXo1j/WYWtSYYC4ouU9PqHO0sqidkEA4Y=
github.com/cbroglie/mustache v1.0.0 h1:KcJwsfimH4+gGf0OdVnHhaZGwDLLp80tUm9XQQ3ghBc=
github.com/cbroglie/mustache v1.0.0/go.mod h1:R/RUa+SobQ14qkP4jtx5Vke5sDytONDQXNLPY/PO69g=
github.com/golang/protobuf v1.0.0/go.mod h1:6lQm79b+lXiMfvg/cZm0SGofjICqVBUtrP5yJMmIC1U=
github.com/google/go-github v15.0.0+incompatible h1:jlPg2Cpsxb/FyEV/MFiIE9tW/2RAevQNZDPeHbf5a94=
github.com/google/go-github v15.0.0+incompatible/go.mod h1:zLgOLi98H3fifZn+44m+umXrS52loVEgC2AApnigrVQ=
github.com/google/go-querystring v0.0.0-20170111101155-53e6ce116135 h1:zLTLjkaOFEFIOxY5BWLFLwh+cL8vOBW4XJ2aqLE/Tf0=
github.com/google/go-querystring v0.0.0-20170111101155-53e6ce116135/go.mod h1:odCYkC5MyYFN7vkCjXpyrEuKhc/BUO6wN/zVPAxq5ck=
github.com/gorilla/feeds v1.1.0 h1:pcgLJhbdYgaUESnj3AmXPcB7cS3vy63+jC/TI14AGXk=
github.com/gorilla/feeds v1.1.0/go.mod h1:Nk0jZrvPFZX1OBe5NPiddPw7CfwF6Q9eqzaBbaightA=
github.com/gosimple/slug v1.1.1 h1:fRu/digW+NMwBIP+RmviTK97Ho/bEj/C9swrCspN3D4=
github.com/gosimple/slug v1.1.1/go.mod h1:ER78kgg1Mv0NQGlXiDe57DpCyfbNywXXZ9mIorhxAf0=
github.com/microcosm-cc/bluemonday v0.0.0-20171222152607-542fd4642604 h1:BbG6VMVavjbhIsD7Hoscfz+wExp1hY+pmk+7Agc4J74=
github.com/microcosm-cc/bluemonday v0.0.0-20171222152607-542fd4642604/go.mod h1:hsXNsILzKxV+sX77C5b8FSuKF00vh2OMYv+xgHpAMF4=
github.com/rainycape/unidecode v0.0.0-20150907023854-cb7f23ec59be h1:ta7tUOvsPHVHGom5hKW5VXNc2xZIkfCKP8iaqOyYtUQ=
github.com/rainycape/unidecode v0.0.0-20150907023854-cb7f23ec59be/go.mod h1:MIDFMn7db1kT65GmV94GzpX9Qdi7N/pQlwb+AN8wh+Q=
github.com/russross/blackfriday v1.5.1 h1:B8ZN6pD4PVofmlDCDUdELeYrbsVIDM/bpjW3v3zgcRc=
github.com/russross/blackfriday v1.5.1/go.mod h1:JO/DiYxRf+HjHt06OyowR9PTA263kcR/rfWxYHBV53g=
github.com/sergi/go-diff v1.0.0 h1:Kpca3qRNrduNnOQeazBd0ysaKrUJiIuISHxogkT9RPQ=
github.com/sergi/go-diff v1.0.0/go.mod h1:0CfEIISq7TuYL3j771MWULgwwjU+GofnZX9QAmXWZgo=
github.com/shurcooL/github_flavored_markdown v0.0.0-20171120162553-28433ea3fc83 h1:c/XJkxWkqKJWyJCMBJpCY39DtDL+ndgJggLEov+Bz3k=
github.com/shurcooL/github_flavored_markdown v0.0.0-20171120162553-28433ea3fc83/go.mod h1:19y9eBxWq15wrq3NRr6osGtk0dkbHhO6uznyrOtrBsE=
github.com/shurcooL/go v0.0.0-20180221041408-364c5ae8518b/go.mod h1:TDJrrUr11Vxrven61rcy3hJMUqaf/CLWYhHNPmT14Lk=
github.com/shurcooL/go-goon v0.0.0-20170922171312-37c2f522c041/go.mod h1:N5mDOmsrJOB+vfqUK+7DmDyjhSLIIBnXo9lvZJj3MWQ=
github.com/shurcooL/graphql v0.0.0-20180302221403-3d276b9dcc6b/go.mod h1:AuYgA5Kyo4c7HfUmvRGs/6rGlMMV/6B1bVnB9JxJEEg=
github.com/shurcooL/highlight_diff v0.0.0-20170515013008-09bb4053de1b h1:vYEG87HxbU6dXj5npkeulCS96Dtz5xg3jcfCgpcvbIw=
github.com/shurcooL/highlight_diff v0.0.0-20170515013008-09bb4053de1b/go.mod h1:ZpfEhSmds4ytuByIcDnOLkTHGUI6KNqRNPDLHDk+mUU=
github.com/shurcooL/highlight_go v0.0.0-20170515013102-78fb10f4a5f8 h1:xLQlo0Ghg8zBaQi+tjpK+z/WLjbg/BhAWP9pYgqo/LQ=
github.com/shurcooL/highlight_go v0.0.0-20170515013102-78fb10f4a5f8/go.mod h1:UDKB5a1T23gOMUJrI+uSuH0VRDStOiUVSjBTRDVBVag=
github.com/shurcooL/octiconssvg v0.0.0-20180217052449-91d14858bf81 h1:i+2m8dHWpngexytcGvmoXSyK+/YxpFddV/VoJVI2pZs=
github.com/shurcooL/octiconssvg v0.0.0-20180217052449-91d14858bf81/go.mod h1:3KFaTHRnlzMTwupP37biO+4eMAtgmN3c9tJ9A0Wx8fA=
github.com/shurcooL/sanitized_anchor_name v0.0.0-20170918181015-86672fcb3f95 h1:/vdW8Cb7EXrkqWGufVMES1OH2sU9gKVb2n9/1y5NMBY=
github.com/shurcooL/sanitized_anchor_name v0.0.0-20170918181015-86672fcb3f95/go.mod h1:1NzhyTcUVG4SuEtjjoZeVRXNmyL/1OwPU0+IJeTBvfc=
github.com/sourcegraph/annotate v0.0.0-20160123013949-f4cad6c6324d h1:yKm7XZV6j9Ev6lojP2XaIshpT4ymkqhMeSghO5Ps00E=
github.com/sourcegraph/annotate v0.0.0-20160123013949-f4cad6c6324d/go.mod h1:UdhH50NIW0fCiwBSr0co2m7BnFLdv4fQTgdqdJTHFeE=
github.com/sourcegraph/syntaxhighlight v0.0.0-20170531221838-bd320f5d308e h1:qpG93cPwA5f7s/ZPBJnGOYQNK/vKsaDaseuKT5Asee8=
github.com/sourcegraph/syntaxhighlight v0.0.0-20170531221838-bd320f5d308e/go.mod h1:HuIsMU8RRBOtsCgI77wP899iHVBQpCmg4ErYMZB+2IA=
golang.org/x/net v0.0.0-20180218175443-cbe0f9307d01/go.mod h1:mL1N/T3taQHkDXs73rZJwtUhF3w3ftmwwsq0BUmARs4=
golang.org/x/net v0.0.0-20180320002117-6078986fec03 h1:7AqHAZ7CvA95ugmTHvadCc9K2ltE9f5dYKpce5J1kn8=
golang.org/x/net v0.0.0-20180320002117-6078986fec03/go.mod h1:mL1N/T3taQHkDXs73rZJwtUhF3w3ftmwwsq0BUmARs4=
golang.org/x/oauth2 v0.0.0-20180416194528-6881fee410a5 h1:yammTX+17Kk8zo3wLi2C76s8XKCsyhSXwTVTFbqcKjM=
golang.org/x/oauth2 v0.0.0-20180416194528-6881fee410a5/go.mod h1:N/0e6XlmueqKjAGxoOufVs8QHGRruUQn6yWY3a++T0U=
google.golang.org/appengine v1.0.0/go.mod h1:EbEs0AVv82hx2wNQdGPgUI5lhzA/G0D9YwlJXL52JkM=
